
Microsoft Visual Studio Solution File, Format Version 12.00
# Visual Studio Version 17
VisualStudioVersion = 17.14.36518.9 d17.14
MinimumVisualStudioVersion = 10.0.40219.1
Project("{FAE04EC0-301F-11D3-BF4B-00C04F79EFBC}") = "OOP_COLLECTIONS", "OOP_COLLECTIONS\OOP_COLLECTIONS.csproj", "{A1CB9F51-BBF5-4908-8206-8CC046952270}"
EndProject
Global
	GlobalSection(SolutionConfigurationPlatforms) = preSolution
		Debug|Any CPU = Debug|Any CPU
		Release|Any CPU = Release|Any CPU
	EndGlobalSection
	GlobalSection(ProjectConfigurationPlatforms) = postSolution
		{A1CB9F51-BBF5-4908-8206-8CC046952270}.Debug|Any CPU.ActiveCfg = Debug|Any CPU
		{A1CB9F51-BBF5-4908-8206-8CC046952270}.Debug|Any CPU.Build.0 = Debug|Any CPU
		{A1CB9F51-BBF5-4908-8206-8CC046952270}.Release|Any CPU.ActiveCfg = Release|Any CPU
		{A1CB9F51-BBF5-4908-8206-8CC046952270}.Release|Any CPU.Build.0 = Release|Any CPU
	EndGlobalSection
	GlobalSection(SolutionProperties) = preSolution
		HideSolutionNode = FALSE
	EndGlobalSection
	GlobalSection(ExtensibilityGlobals) = postSolution
		SolutionGuid = {53E34386-5586-4131-B84B-AEA0C9FC899D}
	EndGlobalSection
EndGlobal
