
Microsoft Visual Studio Solution File, Format Version 12.00
# Visual Studio Version 17
VisualStudioVersion = 17.14.36518.9 d17.14
MinimumVisualStudioVersion = 10.0.40219.1
Project("{FAE04EC0-301F-11D3-BF4B-00C04F79EFBC}") = "INHERITANCE_TASK", "INHERITANCE_TASK\INHERITANCE_TASK.csproj", "{523C62DE-7051-4564-BBE2-2687784DFCDC}"
EndProject
Global
	GlobalSection(SolutionConfigurationPlatforms) = preSolution
		Debug|Any CPU = Debug|Any CPU
		Release|Any CPU = Release|Any CPU
	EndGlobalSection
	GlobalSection(ProjectConfigurationPlatforms) = postSolution
		{523C62DE-7051-4564-BBE2-2687784DFCDC}.Debug|Any CPU.ActiveCfg = Debug|Any CPU
		{523C62DE-7051-4564-BBE2-2687784DFCDC}.Debug|Any CPU.Build.0 = Debug|Any CPU
		{523C62DE-7051-4564-BBE2-2687784DFCDC}.Release|Any CPU.ActiveCfg = Release|Any CPU
		{523C62DE-7051-4564-BBE2-2687784DFCDC}.Release|Any CPU.Build.0 = Release|Any CPU
	EndGlobalSection
	GlobalSection(SolutionProperties) = preSolution
		HideSolutionNode = FALSE
	EndGlobalSection
	GlobalSection(ExtensibilityGlobals) = postSolution
		SolutionGuid = {A9C218C6-A05B-437C-8B42-C80E170F5E06}
	EndGlobalSection
EndGlobal
